{
  "version": "5",
  "specifiers": {
    "jsr:@hono/hono@^4.12.33": "4.12.33",
    "jsr:@std/assert@^1.0.19": "1.0.19",
    "jsr:@std/async@^1.5.0": "1.5.0",
    "jsr:@std/data-structures@^1.1.2": "1.1.2",
    "jsr:@std/fs@^1.0.24": "1.0.24",
    "jsr:@std/internal@^1.0.12": "1.0.14",
    "jsr:@std/internal@^1.0.14": "1.0.14",
    "jsr:@std/path@^1.1.5": "1.1.6",
    "jsr:@std/path@^1.1.6": "1.1.6",
    "jsr:@std/testing@^1.0.20": "1.0.20",
    "npm:greek-conversion@~0.14.1": "0.14.1"
  },
  "jsr": {
    "@hono/hono@4.12.33": {
      "integrity": "0df9fd54840e64fd3c10455aed240ed1dbc8b2773b6d9b825e3a681378d1ba77"
    },
    "@std/assert@1.0.19": {
      "integrity": "eaada96ee120cb980bc47e040f82814d786fe8162ecc53c91d8df60b8755991e",
      "dependencies": [
        "jsr:@std/internal@^1.0.12"
      ]
    },
    "@std/async@1.5.0": {
      "integrity": "4c1f22d287a17ad7d8643b1952bc5a4d21e5d8b68dc8c20d8268eecc69096e82"
    },
    "@std/data-structures@1.1.2": {
      "integrity": "2471377c9e0051f9ec34e57d0ebd0ad133a5a889677446ec6ba9938e4e102918"
    },
    "@std/fs@1.0.24": {
      "integrity": "f3061b45b81673a2bece689da041df32d174be064c89eb6397fb5718d3fb7877",
      "dependencies": [
        "jsr:@std/path@^1.1.5"
      ]
    },
    "@std/internal@1.0.14": {
      "integrity": "291516b3d4c35024d6ffbc0a9df5bf4c64116e05b50012cf846710152d2ffdf7"
    },
    "@std/path@1.1.6": {
      "integrity": "c68485c2a4dfbb5ae3cc74fae4e8c4e5d874cf8a8ed12927917235c758b46cbe",
      "dependencies": [
        "jsr:@std/internal@^1.0.14"
      ]
    },
    "@std/testing@1.0.20": {
      "integrity": "21380ed438672762e4ec549cbf4fe41c5b68f5598773a30b64abe7375513e721",
      "dependencies": [
        "jsr:@std/assert",
        "jsr:@std/async",
        "jsr:@std/data-structures",
        "jsr:@std/fs",
        "jsr:@std/internal@^1.0.14",
        "jsr:@std/path@^1.1.6"
      ]
    }
  },
  "npm": {
    "greek-conversion@0.14.1": {
      "integrity": "sha512-lR3O+zP2HeoPhwkMtnhBVCR6FQAaGifOS7No1SDKY3A/yjXGq5cvtfx/74gU2w87JGbl7q+HWASzMqvLxf1A5g=="
    }
  },
  "workspace": {
    "dependencies": [
      "jsr:@hono/hono@^4.12.33",
      "jsr:@std/assert@^1.0.19",
      "jsr:@std/testing@^1.0.20",
      "npm:greek-conversion@~0.14.1"
    ]
  }
}
